
Microsoft Visual Studio Solution File, Format Version 12.00
# Visual Studio 15
Project("{FAE04EC0-301F-11D3-BF4B-00C04F79EFBC}") = "Assembly-CSharp", "Assembly-CSharp.csproj", "{65B31CF3-929E-6351-4676-ED4CD2E97EC9}"
EndProject
Project("{FAE04EC0-301F-11D3-BF4B-00C04F79EFBC}") = "Assembly-CSharp-Editor", "Assembly-CSharp-Editor.csproj", "{853C6D21-6D93-A701-C09D-D21C41AB78FA}"
EndProject
Global
	GlobalSection(SolutionConfigurationPlatforms) = preSolution
		Debug|Any CPU = Debug|Any CPU
		Release|Any CPU = Release|Any CPU
	EndGlobalSection
	GlobalSection(ProjectConfigurationPlatforms) = postSolution
		{65B31CF3-929E-6351-4676-ED4CD2E97EC9}.Debug|Any CPU.ActiveCfg = Debug|Any CPU
		{65B31CF3-929E-6351-4676-ED4CD2E97EC9}.Debug|Any CPU.Build.0 = Debug|Any CPU
		{65B31CF3-929E-6351-4676-ED4CD2E97EC9}.Release|Any CPU.ActiveCfg = Release|Any CPU
		{65B31CF3-929E-6351-4676-ED4CD2E97EC9}.Release|Any CPU.Build.0 = Release|Any CPU
		{853C6D21-6D93-A701-C09D-D21C41AB78FA}.Debug|Any CPU.ActiveCfg = Debug|Any CPU
		{853C6D21-6D93-A701-C09D-D21C41AB78FA}.Debug|Any CPU.Build.0 = Debug|Any CPU
		{853C6D21-6D93-A701-C09D-D21C41AB78FA}.Release|Any CPU.ActiveCfg = Release|Any CPU
		{853C6D21-6D93-A701-C09D-D21C41AB78FA}.Release|Any CPU.Build.0 = Release|Any CPU
	EndGlobalSection
	GlobalSection(SolutionProperties) = preSolution
		HideSolutionNode = FALSE
	EndGlobalSection
EndGlobal
